
Microsoft Visual Studio Solution File, Format Version 12.00
# Visual Studio Version 17
VisualStudioVersion = 17.9.34701.34
MinimumVisualStudioVersion = 10.0.40219.1
Project("{FAE04EC0-301F-11D3-BF4B-00C04F79EFBC}") = "COMP003B-Lecture 3", "COMP003B-Lecture 3\COMP003B-Lecture 3.csproj", "{B130C1E2-D1AC-4815-BE75-6FEFED995E0B}"
EndProject
Global
	GlobalSection(SolutionConfigurationPlatforms) = preSolution
		Debug|Any CPU = Debug|Any CPU
		Release|Any CPU = Release|Any CPU
	EndGlobalSection
	GlobalSection(ProjectConfigurationPlatforms) = postSolution
		{B130C1E2-D1AC-4815-BE75-6FEFED995E0B}.Debug|Any CPU.ActiveCfg = Debug|Any CPU
		{B130C1E2-D1AC-4815-BE75-6FEFED995E0B}.Debug|Any CPU.Build.0 = Debug|Any CPU
		{B130C1E2-D1AC-4815-BE75-6FEFED995E0B}.Release|Any CPU.ActiveCfg = Release|Any CPU
		{B130C1E2-D1AC-4815-BE75-6FEFED995E0B}.Release|Any CPU.Build.0 = Release|Any CPU
	EndGlobalSection
	GlobalSection(SolutionProperties) = preSolution
		HideSolutionNode = FALSE
	EndGlobalSection
	GlobalSection(ExtensibilityGlobals) = postSolution
		SolutionGuid = {BAA63C0A-D10D-42AD-B124-6DD97501333B}
	EndGlobalSection
EndGlobal
